
Microsoft Visual Studio Solution File, Format Version 12.00
# Visual Studio Version 17
VisualStudioVersion = 17.1.32210.238
MinimumVisualStudioVersion = 10.0.40219.1
Project("{2150E333-8FDC-42A3-9474-1A3956D46DE8}") = "src", "src", "{EF3A2C85-65BB-4002-B1AA-13AF13702BED}"
EndProject
Project("{2150E333-8FDC-42A3-9474-1A3956D46DE8}") = "tests", "tests", "{25D6AE77-F1E1-4A92-B604-35436490EF8D}"
EndProject
Project("{2150E333-8FDC-42A3-9474-1A3956D46DE8}") = "Bootstrapper", "Bootstrapper", "{F85D4F6E-2DBE-4FD6-BACF-140D224B563D}"
EndProject
Project("{2150E333-8FDC-42A3-9474-1A3956D46DE8}") = "Modules", "Modules", "{DFCB7E9E-1760-42FE-8997-A76B7B0DBE1F}"
EndProject
Project("{2150E333-8FDC-42A3-9474-1A3956D46DE8}") = "Shared", "Shared", "{47333CE4-FE4A-409C-A637-701F4EBB2FFA}"
EndProject
Project("{9A19103F-16F7-4668-BE54-9A1E7A4F7556}") = "Confab.Bootstrapper", "src\Bootstrapper\Confab.Bootstrapper\Confab.Bootstrapper.csproj", "{18085B88-C7C1-43D2-812F-D63908063E3A}"
EndProject
Project("{9A19103F-16F7-4668-BE54-9A1E7A4F7556}") = "Confab.Shared.Abstractions", "src\Shared\Confab.Shared.Abstractions\Confab.Shared.Abstractions.csproj", "{4BB7172E-69FF-4553-9D59-2F9D71D48F23}"
EndProject
Project("{9A19103F-16F7-4668-BE54-9A1E7A4F7556}") = "Confab.Shared.Infrastructure", "src\Shared\Confab.Shared.Infrastructure\Confab.Shared.Infrastructure.csproj", "{66472145-5187-4BCA-89D0-21EC3973CB21}"
EndProject
Project("{2150E333-8FDC-42A3-9474-1A3956D46DE8}") = "Conferences", "Conferences", "{05567435-DC5D-405D-A863-A796D6C7CE55}"
EndProject
Project("{9A19103F-16F7-4668-BE54-9A1E7A4F7556}") = "Confab.Modules.Conferences.Api", "src\Modules\Conferences\Confab.Modules.Conferences.Api\Confab.Modules.Conferences.Api.csproj", "{46159E50-92A0-427C-8E5C-C4E834E9B278}"
EndProject
Project("{9A19103F-16F7-4668-BE54-9A1E7A4F7556}") = "Confab.Modules.Conferences.Core", "src\Modules\Conferences\Confab.Modules.Conferences.Core\Confab.Modules.Conferences.Core.csproj", "{339AE2BA-98E0-491E-B1B4-93DC3D4568AE}"
EndProject
Project("{2150E333-8FDC-42A3-9474-1A3956D46DE8}") = "Speakers", "Speakers", "{C41DF5E6-EDF6-404F-8955-3CDCD913677E}"
EndProject
Project("{9A19103F-16F7-4668-BE54-9A1E7A4F7556}") = "Confab.Modules.Speakers.Api", "src\Modules\Speakers\Confab.Modules.Speakers.Api\Confab.Modules.Speakers.Api.csproj", "{997D3C25-92D8-4C3F-9DDF-C9B3480322E4}"
EndProject
Project("{9A19103F-16F7-4668-BE54-9A1E7A4F7556}") = "Confab.Modules.Speakers.Core", "src\Modules\Speakers\Confab.Modules.Speakers.Core\Confab.Modules.Speakers.Core.csproj", "{E797784F-7926-41EA-8480-1C9400B267EE}"
EndProject
Project("{2150E333-8FDC-42A3-9474-1A3956D46DE8}") = "Users", "Users", "{0BAE5585-BEEE-4C74-A31A-7EE2F012F198}"
EndProject
Project("{9A19103F-16F7-4668-BE54-9A1E7A4F7556}") = "Confab.Modules.Users.Api", "src\Modules\Users\Confab.Modules.Users.Api\Confab.Modules.Users.Api.csproj", "{F3B0A97E-908E-4A96-A1F9-DA26D886D86F}"
EndProject
Project("{9A19103F-16F7-4668-BE54-9A1E7A4F7556}") = "Confab.Modules.Users.Core", "src\Modules\Users\Confab.Modules.Users.Core\Confab.Modules.Users.Core.csproj", "{D641A2BB-059F-4FD1-90C6-67558002A9EB}"
EndProject
Project("{2150E333-8FDC-42A3-9474-1A3956D46DE8}") = "Tickets", "Tickets", "{41D9A4E5-949A-4019-A266-C58F3DDAF6FB}"
EndProject
Project("{9A19103F-16F7-4668-BE54-9A1E7A4F7556}") = "Confab.Modules.Tickets.Api", "src\Modules\Tickets\Confab.Modules.Tickets.Api\Confab.Modules.Tickets.Api.csproj", "{6ACEE5B9-2A90-497B-8DEC-B71B29A6F67B}"
EndProject
Project("{9A19103F-16F7-4668-BE54-9A1E7A4F7556}") = "Confab.Modules.Tickets.Core", "src\Modules\Tickets\Confab.Modules.Tickets.Core\Confab.Modules.Tickets.Core.csproj", "{F6F1EE94-66AB-45F7-AC94-63FD26DED86E}"
EndProject
Project("{2150E333-8FDC-42A3-9474-1A3956D46DE8}") = "Agendas", "Agendas", "{CFE72C36-F33E-4F96-939F-0FDCC8EEEF8C}"
EndProject
Project("{9A19103F-16F7-4668-BE54-9A1E7A4F7556}") = "Confab.Modules.Agendas.Domain", "src\Modules\Agendas\Confab.Modules.Agendas.Domain\Confab.Modules.Agendas.Domain.csproj", "{E4B74868-1C70-4A4C-AD5C-4FABD12A197A}"
EndProject
Project("{9A19103F-16F7-4668-BE54-9A1E7A4F7556}") = "Confab.Modules.Agendas.Api", "src\Modules\Agendas\Confab.Modules.Agendas.Api\Confab.Modules.Agendas.Api.csproj", "{126E73B3-F233-497C-B8FB-974B9835A1E1}"
EndProject
Project("{9A19103F-16F7-4668-BE54-9A1E7A4F7556}") = "Confab.Modules.Agendas.Application", "src\Modules\Agendas\Confab.Modules.Agendas.Application\Confab.Modules.Agendas.Application.csproj", "{ADB8F4A4-EFBF-445C-B58E-BD384FCA55FA}"
EndProject
Project("{9A19103F-16F7-4668-BE54-9A1E7A4F7556}") = "Confab.Modules.Agendas.Infrastructure", "src\Modules\Agendas\Confab.Modules.Agendas.Infrastructure\Confab.Modules.Agendas.Infrastructure.csproj", "{C831BD75-9FE2-45CC-898E-DC82E286B771}"
EndProject
Project("{2150E333-8FDC-42A3-9474-1A3956D46DE8}") = "Attendances", "Attendances", "{779DC788-2EE5-476B-818E-D3BBE5D49FFD}"
EndProject
Project("{9A19103F-16F7-4668-BE54-9A1E7A4F7556}") = "Confab.Modules.Attendances.Api", "src\Modules\Attendances\Confab.Modules.Attendances.Api\Confab.Modules.Attendances.Api.csproj", "{A623D06C-1D02-41CB-BCFE-7F9E9BD7979D}"
EndProject
Project("{9A19103F-16F7-4668-BE54-9A1E7A4F7556}") = "Confab.Modules.Attendances.Application", "src\Modules\Attendances\Confab.Modules.Attendances.Application\Confab.Modules.Attendances.Application.csproj", "{212EFF21-C9BC-4FC0-B0BD-CF4F701D75F5}"
EndProject
Project("{9A19103F-16F7-4668-BE54-9A1E7A4F7556}") = "Confab.Modules.Attendances.Domain", "src\Modules\Attendances\Confab.Modules.Attendances.Domain\Confab.Modules.Attendances.Domain.csproj", "{22F582C2-229B-4A51-836D-B2EF6C235601}"
EndProject
Project("{9A19103F-16F7-4668-BE54-9A1E7A4F7556}") = "Confab.Modules.Attendances.Infrastructure", "src\Modules\Attendances\Confab.Modules.Attendances.Infrastructure\Confab.Modules.Attendances.Infrastructure.csproj", "{F42D8974-0F6A-474F-8CC2-41F4D6FD4F54}"
EndProject
Project("{2150E333-8FDC-42A3-9474-1A3956D46DE8}") = "Modules", "Modules", "{5B5C29F0-9D67-448B-99CF-E08873B1D26E}"
EndProject
Project("{2150E333-8FDC-42A3-9474-1A3956D46DE8}") = "Attendances", "Attendances", "{FBB50E65-E242-4BF3-8F88-BDE05645CC22}"
EndProject
Project("{FAE04EC0-301F-11D3-BF4B-00C04F79EFBC}") = "Confab.Modules.Attendances.Tests.Unit", "tests\Modules\Attendances\Confab.Modules.Attendances.Tests.Unit\Confab.Modules.Attendances.Tests.Unit.csproj", "{844DF637-1257-4110-A30D-F04DB223F21A}"
EndProject
Project("{FAE04EC0-301F-11D3-BF4B-00C04F79EFBC}") = "Confab.Modules.Attendances.Tests.Integration", "tests\Modules\Attendances\Confab.Modules.Attendances.Tests.Integration\Confab.Modules.Attendances.Tests.Integration.csproj", "{D54CC596-ADD0-489A-BAD2-834ED486B4CD}"
EndProject
Project("{FAE04EC0-301F-11D3-BF4B-00C04F79EFBC}") = "Confab.Shared.Tests", "src\Shared\Confab.Shared.Tests\Confab.Shared.Tests.csproj", "{58923D96-C2AE-494A-9016-7662BA608235}"
EndProject
Global
	GlobalSection(SolutionConfigurationPlatforms) = preSolution
		Debug|Any CPU = Debug|Any CPU
		Release|Any CPU = Release|Any CPU
	EndGlobalSection
	GlobalSection(ProjectConfigurationPlatforms) = postSolution
		{18085B88-C7C1-43D2-812F-D63908063E3A}.Debug|Any CPU.ActiveCfg = Debug|Any CPU
		{18085B88-C7C1-43D2-812F-D63908063E3A}.Debug|Any CPU.Build.0 = Debug|Any CPU
		{18085B88-C7C1-43D2-812F-D63908063E3A}.Release|Any CPU.ActiveCfg = Release|Any CPU
		{18085B88-C7C1-43D2-812F-D63908063E3A}.Release|Any CPU.Build.0 = Release|Any CPU
		{4BB7172E-69FF-4553-9D59-2F9D71D48F23}.Debug|Any CPU.ActiveCfg = Debug|Any CPU
		{4BB7172E-69FF-4553-9D59-2F9D71D48F23}.Debug|Any CPU.Build.0 = Debug|Any CPU
		{4BB7172E-69FF-4553-9D59-2F9D71D48F23}.Release|Any CPU.ActiveCfg = Release|Any CPU
		{4BB7172E-69FF-4553-9D59-2F9D71D48F23}.Release|Any CPU.Build.0 = Release|Any CPU
		{66472145-5187-4BCA-89D0-21EC3973CB21}.Debug|Any CPU.ActiveCfg = Debug|Any CPU
		{66472145-5187-4BCA-89D0-21EC3973CB21}.Debug|Any CPU.Build.0 = Debug|Any CPU
		{66472145-5187-4BCA-89D0-21EC3973CB21}.Release|Any CPU.ActiveCfg = Release|Any CPU
		{66472145-5187-4BCA-89D0-21EC3973CB21}.Release|Any CPU.Build.0 = Release|Any CPU
		{46159E50-92A0-427C-8E5C-C4E834E9B278}.Debug|Any CPU.ActiveCfg = Debug|Any CPU
		{46159E50-92A0-427C-8E5C-C4E834E9B278}.Debug|Any CPU.Build.0 = Debug|Any CPU
		{46159E50-92A0-427C-8E5C-C4E834E9B278}.Release|Any CPU.ActiveCfg = Release|Any CPU
		{46159E50-92A0-427C-8E5C-C4E834E9B278}.Release|Any CPU.Build.0 = Release|Any CPU
		{339AE2BA-98E0-491E-B1B4-93DC3D4568AE}.Debug|Any CPU.ActiveCfg = Debug|Any CPU
		{339AE2BA-98E0-491E-B1B4-93DC3D4568AE}.Debug|Any CPU.Build.0 = Debug|Any CPU
		{339AE2BA-98E0-491E-B1B4-93DC3D4568AE}.Release|Any CPU.ActiveCfg = Release|Any CPU
		{339AE2BA-98E0-491E-B1B4-93DC3D4568AE}.Release|Any CPU.Build.0 = Release|Any CPU
		{997D3C25-92D8-4C3F-9DDF-C9B3480322E4}.Debug|Any CPU.ActiveCfg = Debug|Any CPU
		{997D3C25-92D8-4C3F-9DDF-C9B3480322E4}.Debug|Any CPU.Build.0 = Debug|Any CPU
		{997D3C25-92D8-4C3F-9DDF-C9B3480322E4}.Release|Any CPU.ActiveCfg = Release|Any CPU
		{997D3C25-92D8-4C3F-9DDF-C9B3480322E4}.Release|Any CPU.Build.0 = Release|Any CPU
		{E797784F-7926-41EA-8480-1C9400B267EE}.Debug|Any CPU.ActiveCfg = Debug|Any CPU
		{E797784F-7926-41EA-8480-1C9400B267EE}.Debug|Any CPU.Build.0 = Debug|Any CPU
		{E797784F-7926-41EA-8480-1C9400B267EE}.Release|Any CPU.ActiveCfg = Release|Any CPU
		{E797784F-7926-41EA-8480-1C9400B267EE}.Release|Any CPU.Build.0 = Release|Any CPU
		{F3B0A97E-908E-4A96-A1F9-DA26D886D86F}.Debug|Any CPU.ActiveCfg = Debug|Any CPU
		{F3B0A97E-908E-4A96-A1F9-DA26D886D86F}.Debug|Any CPU.Build.0 = Debug|Any CPU
		{F3B0A97E-908E-4A96-A1F9-DA26D886D86F}.Release|Any CPU.ActiveCfg = Release|Any CPU
		{F3B0A97E-908E-4A96-A1F9-DA26D886D86F}.Release|Any CPU.Build.0 = Release|Any CPU
		{D641A2BB-059F-4FD1-90C6-67558002A9EB}.Debug|Any CPU.ActiveCfg = Debug|Any CPU
		{D641A2BB-059F-4FD1-90C6-67558002A9EB}.Debug|Any CPU.Build.0 = Debug|Any CPU
		{D641A2BB-059F-4FD1-90C6-67558002A9EB}.Release|Any CPU.ActiveCfg = Release|Any CPU
		{D641A2BB-059F-4FD1-90C6-67558002A9EB}.Release|Any CPU.Build.0 = Release|Any CPU
		{6ACEE5B9-2A90-497B-8DEC-B71B29A6F67B}.Debug|Any CPU.ActiveCfg = Debug|Any CPU
		{6ACEE5B9-2A90-497B-8DEC-B71B29A6F67B}.Debug|Any CPU.Build.0 = Debug|Any CPU
		{6ACEE5B9-2A90-497B-8DEC-B71B29A6F67B}.Release|Any CPU.ActiveCfg = Release|Any CPU
		{6ACEE5B9-2A90-497B-8DEC-B71B29A6F67B}.Release|Any CPU.Build.0 = Release|Any CPU
		{F6F1EE94-66AB-45F7-AC94-63FD26DED86E}.Debug|Any CPU.ActiveCfg = Debug|Any CPU
		{F6F1EE94-66AB-45F7-AC94-63FD26DED86E}.Debug|Any CPU.Build.0 = Debug|Any CPU
		{F6F1EE94-66AB-45F7-AC94-63FD26DED86E}.Release|Any CPU.ActiveCfg = Release|Any CPU
		{F6F1EE94-66AB-45F7-AC94-63FD26DED86E}.Release|Any CPU.Build.0 = Release|Any CPU
		{E4B74868-1C70-4A4C-AD5C-4FABD12A197A}.Debug|Any CPU.ActiveCfg = Debug|Any CPU
		{E4B74868-1C70-4A4C-AD5C-4FABD12A197A}.Debug|Any CPU.Build.0 = Debug|Any CPU
		{E4B74868-1C70-4A4C-AD5C-4FABD12A197A}.Release|Any CPU.ActiveCfg = Release|Any CPU
		{E4B74868-1C70-4A4C-AD5C-4FABD12A197A}.Release|Any CPU.Build.0 = Release|Any CPU
		{126E73B3-F233-497C-B8FB-974B9835A1E1}.Debug|Any CPU.ActiveCfg = Debug|Any CPU
		{126E73B3-F233-497C-B8FB-974B9835A1E1}.Debug|Any CPU.Build.0 = Debug|Any CPU
		{126E73B3-F233-497C-B8FB-974B9835A1E1}.Release|Any CPU.ActiveCfg = Release|Any CPU
		{126E73B3-F233-497C-B8FB-974B9835A1E1}.Release|Any CPU.Build.0 = Release|Any CPU
		{ADB8F4A4-EFBF-445C-B58E-BD384FCA55FA}.Debug|Any CPU.ActiveCfg = Debug|Any CPU
		{ADB8F4A4-EFBF-445C-B58E-BD384FCA55FA}.Debug|Any CPU.Build.0 = Debug|Any CPU
		{ADB8F4A4-EFBF-445C-B58E-BD384FCA55FA}.Release|Any CPU.ActiveCfg = Release|Any CPU
		{ADB8F4A4-EFBF-445C-B58E-BD384FCA55FA}.Release|Any CPU.Build.0 = Release|Any CPU
		{C831BD75-9FE2-45CC-898E-DC82E286B771}.Debug|Any CPU.ActiveCfg = Debug|Any CPU
		{C831BD75-9FE2-45CC-898E-DC82E286B771}.Debug|Any CPU.Build.0 = Debug|Any CPU
		{C831BD75-9FE2-45CC-898E-DC82E286B771}.Release|Any CPU.ActiveCfg = Release|Any CPU
		{C831BD75-9FE2-45CC-898E-DC82E286B771}.Release|Any CPU.Build.0 = Release|Any CPU
		{A623D06C-1D02-41CB-BCFE-7F9E9BD7979D}.Debug|Any CPU.ActiveCfg = Debug|Any CPU
		{A623D06C-1D02-41CB-BCFE-7F9E9BD7979D}.Debug|Any CPU.Build.0 = Debug|Any CPU
		{A623D06C-1D02-41CB-BCFE-7F9E9BD7979D}.Release|Any CPU.ActiveCfg = Release|Any CPU
		{A623D06C-1D02-41CB-BCFE-7F9E9BD7979D}.Release|Any CPU.Build.0 = Release|Any CPU
		{212EFF21-C9BC-4FC0-B0BD-CF4F701D75F5}.Debug|Any CPU.ActiveCfg = Debug|Any CPU
		{212EFF21-C9BC-4FC0-B0BD-CF4F701D75F5}.Debug|Any CPU.Build.0 = Debug|Any CPU
		{212EFF21-C9BC-4FC0-B0BD-CF4F701D75F5}.Release|Any CPU.ActiveCfg = Release|Any CPU
		{212EFF21-C9BC-4FC0-B0BD-CF4F701D75F5}.Release|Any CPU.Build.0 = Release|Any CPU
		{22F582C2-229B-4A51-836D-B2EF6C235601}.Debug|Any CPU.ActiveCfg = Debug|Any CPU
		{22F582C2-229B-4A51-836D-B2EF6C235601}.Debug|Any CPU.Build.0 = Debug|Any CPU
		{22F582C2-229B-4A51-836D-B2EF6C235601}.Release|Any CPU.ActiveCfg = Release|Any CPU
		{22F582C2-229B-4A51-836D-B2EF6C235601}.Release|Any CPU.Build.0 = Release|Any CPU
		{F42D8974-0F6A-474F-8CC2-41F4D6FD4F54}.Debug|Any CPU.ActiveCfg = Debug|Any CPU
		{F42D8974-0F6A-474F-8CC2-41F4D6FD4F54}.Debug|Any CPU.Build.0 = Debug|Any CPU
		{F42D8974-0F6A-474F-8CC2-41F4D6FD4F54}.Release|Any CPU.ActiveCfg = Release|Any CPU
		{F42D8974-0F6A-474F-8CC2-41F4D6FD4F54}.Release|Any CPU.Build.0 = Release|Any CPU
		{844DF637-1257-4110-A30D-F04DB223F21A}.Debug|Any CPU.ActiveCfg = Debug|Any CPU
		{844DF637-1257-4110-A30D-F04DB223F21A}.Debug|Any CPU.Build.0 = Debug|Any CPU
		{844DF637-1257-4110-A30D-F04DB223F21A}.Release|Any CPU.ActiveCfg = Release|Any CPU
		{844DF637-1257-4110-A30D-F04DB223F21A}.Release|Any CPU.Build.0 = Release|Any CPU
		{D54CC596-ADD0-489A-BAD2-834ED486B4CD}.Debug|Any CPU.ActiveCfg = Debug|Any CPU
		{D54CC596-ADD0-489A-BAD2-834ED486B4CD}.Debug|Any CPU.Build.0 = Debug|Any CPU
		{D54CC596-ADD0-489A-BAD2-834ED486B4CD}.Release|Any CPU.ActiveCfg = Release|Any CPU
		{D54CC596-ADD0-489A-BAD2-834ED486B4CD}.Release|Any CPU.Build.0 = Release|Any CPU
		{58923D96-C2AE-494A-9016-7662BA608235}.Debug|Any CPU.ActiveCfg = Debug|Any CPU
		{58923D96-C2AE-494A-9016-7662BA608235}.Debug|Any CPU.Build.0 = Debug|Any CPU
		{58923D96-C2AE-494A-9016-7662BA608235}.Release|Any CPU.ActiveCfg = Release|Any CPU
		{58923D96-C2AE-494A-9016-7662BA608235}.Release|Any CPU.Build.0 = Release|Any CPU
	EndGlobalSection
	GlobalSection(SolutionProperties) = preSolution
		HideSolutionNode = FALSE
	EndGlobalSection
	GlobalSection(NestedProjects) = preSolution
		{F85D4F6E-2DBE-4FD6-BACF-140D224B563D} = {EF3A2C85-65BB-4002-B1AA-13AF13702BED}
		{DFCB7E9E-1760-42FE-8997-A76B7B0DBE1F} = {EF3A2C85-65BB-4002-B1AA-13AF13702BED}
		{47333CE4-FE4A-409C-A637-701F4EBB2FFA} = {EF3A2C85-65BB-4002-B1AA-13AF13702BED}
		{18085B88-C7C1-43D2-812F-D63908063E3A} = {F85D4F6E-2DBE-4FD6-BACF-140D224B563D}
		{4BB7172E-69FF-4553-9D59-2F9D71D48F23} = {47333CE4-FE4A-409C-A637-701F4EBB2FFA}
		{66472145-5187-4BCA-89D0-21EC3973CB21} = {47333CE4-FE4A-409C-A637-701F4EBB2FFA}
		{05567435-DC5D-405D-A863-A796D6C7CE55} = {DFCB7E9E-1760-42FE-8997-A76B7B0DBE1F}
		{46159E50-92A0-427C-8E5C-C4E834E9B278} = {05567435-DC5D-405D-A863-A796D6C7CE55}
		{339AE2BA-98E0-491E-B1B4-93DC3D4568AE} = {05567435-DC5D-405D-A863-A796D6C7CE55}
		{C41DF5E6-EDF6-404F-8955-3CDCD913677E} = {DFCB7E9E-1760-42FE-8997-A76B7B0DBE1F}
		{997D3C25-92D8-4C3F-9DDF-C9B3480322E4} = {C41DF5E6-EDF6-404F-8955-3CDCD913677E}
		{E797784F-7926-41EA-8480-1C9400B267EE} = {C41DF5E6-EDF6-404F-8955-3CDCD913677E}
		{0BAE5585-BEEE-4C74-A31A-7EE2F012F198} = {DFCB7E9E-1760-42FE-8997-A76B7B0DBE1F}
		{F3B0A97E-908E-4A96-A1F9-DA26D886D86F} = {0BAE5585-BEEE-4C74-A31A-7EE2F012F198}
		{D641A2BB-059F-4FD1-90C6-67558002A9EB} = {0BAE5585-BEEE-4C74-A31A-7EE2F012F198}
		{41D9A4E5-949A-4019-A266-C58F3DDAF6FB} = {DFCB7E9E-1760-42FE-8997-A76B7B0DBE1F}
		{6ACEE5B9-2A90-497B-8DEC-B71B29A6F67B} = {41D9A4E5-949A-4019-A266-C58F3DDAF6FB}
		{F6F1EE94-66AB-45F7-AC94-63FD26DED86E} = {41D9A4E5-949A-4019-A266-C58F3DDAF6FB}
		{CFE72C36-F33E-4F96-939F-0FDCC8EEEF8C} = {DFCB7E9E-1760-42FE-8997-A76B7B0DBE1F}
		{E4B74868-1C70-4A4C-AD5C-4FABD12A197A} = {CFE72C36-F33E-4F96-939F-0FDCC8EEEF8C}
		{126E73B3-F233-497C-B8FB-974B9835A1E1} = {CFE72C36-F33E-4F96-939F-0FDCC8EEEF8C}
		{ADB8F4A4-EFBF-445C-B58E-BD384FCA55FA} = {CFE72C36-F33E-4F96-939F-0FDCC8EEEF8C}
		{C831BD75-9FE2-45CC-898E-DC82E286B771} = {CFE72C36-F33E-4F96-939F-0FDCC8EEEF8C}
		{779DC788-2EE5-476B-818E-D3BBE5D49FFD} = {DFCB7E9E-1760-42FE-8997-A76B7B0DBE1F}
		{A623D06C-1D02-41CB-BCFE-7F9E9BD7979D} = {779DC788-2EE5-476B-818E-D3BBE5D49FFD}
		{212EFF21-C9BC-4FC0-B0BD-CF4F701D75F5} = {779DC788-2EE5-476B-818E-D3BBE5D49FFD}
		{22F582C2-229B-4A51-836D-B2EF6C235601} = {779DC788-2EE5-476B-818E-D3BBE5D49FFD}
		{F42D8974-0F6A-474F-8CC2-41F4D6FD4F54} = {779DC788-2EE5-476B-818E-D3BBE5D49FFD}
		{5B5C29F0-9D67-448B-99CF-E08873B1D26E} = {25D6AE77-F1E1-4A92-B604-35436490EF8D}
		{FBB50E65-E242-4BF3-8F88-BDE05645CC22} = {5B5C29F0-9D67-448B-99CF-E08873B1D26E}
		{844DF637-1257-4110-A30D-F04DB223F21A} = {FBB50E65-E242-4BF3-8F88-BDE05645CC22}
		{D54CC596-ADD0-489A-BAD2-834ED486B4CD} = {FBB50E65-E242-4BF3-8F88-BDE05645CC22}
		{58923D96-C2AE-494A-9016-7662BA608235} = {47333CE4-FE4A-409C-A637-701F4EBB2FFA}
	EndGlobalSection
	GlobalSection(ExtensibilityGlobals) = postSolution
		SolutionGuid = {2B1E7273-77B3-4AAB-B487-AF884C273043}
	EndGlobalSection
EndGlobal
